
Microsoft Visual Studio Solution File, Format Version 12.00
# Visual Studio Version 16
VisualStudioVersion = 16.0.30621.155
MinimumVisualStudioVersion = 10.0.40219.1
Project("{FAE04EC0-301F-11D3-BF4B-00C04F79EFBC}") = "CCCTestApp", "CCCTestApp.csproj", "{7FD0A134-4D62-48E8-B039-F040DA52063D}"
EndProject
Project("{2150E333-8FDC-42A3-9474-1A3956D46DE8}") = "Solution Items", "Solution Items", "{674233F9-F736-4B2B-851C-4B41F16C0CDC}"
	ProjectSection(SolutionItems) = preProject
		.editorconfig = .editorconfig
	EndProjectSection
EndProject
Global
	GlobalSection(SolutionConfigurationPlatforms) = preSolution
		Debug|Any CPU = Debug|Any CPU
		Release|Any CPU = Release|Any CPU
	EndGlobalSection
	GlobalSection(ProjectConfigurationPlatforms) = postSolution
		{7FD0A134-4D62-48E8-B039-F040DA52063D}.Debug|Any CPU.ActiveCfg = Debug|Any CPU
		{7FD0A134-4D62-48E8-B039-F040DA52063D}.Debug|Any CPU.Build.0 = Debug|Any CPU
		{7FD0A134-4D62-48E8-B039-F040DA52063D}.Release|Any CPU.ActiveCfg = Release|Any CPU
		{7FD0A134-4D62-48E8-B039-F040DA52063D}.Release|Any CPU.Build.0 = Release|Any CPU
	EndGlobalSection
	GlobalSection(SolutionProperties) = preSolution
		HideSolutionNode = FALSE
	EndGlobalSection
	GlobalSection(ExtensibilityGlobals) = postSolution
		SolutionGuid = {5BFF54B3-1281-4478-9C75-531E716FDF18}
	EndGlobalSection
EndGlobal
